// !$*UTF8*$!
{
	archiveVersion = 1;
	classes = {
	};
	objectVersion = 48;
	objects = {

/* Begin PBXBuildFile section */
		AC0446ED2026F3F900768EE6 /* AppDelegate.swift in Sources */ = {isa = PBXBuildFile; fileRef = AC0446EC2026F3F900768EE6 /* AppDelegate.swift */; };
		AC0446EF2026F3F900768EE6 /* ViewController.swift in Sources */ = {isa = PBXBuildFile; fileRef = AC0446EE2026F3F900768EE6 /* ViewController.swift */; };
		AC0446F22026F3F900768EE6 /* Main.storyboard in Resources */ = {isa = PBXBuildFile; fileRef = AC0446F02026F3F900768EE6 /* Main.storyboard */; };
		AC0446F42026F3F900768EE6 /* Assets.xcassets in Resources */ = {isa = PBXBuildFile; fileRef = AC0446F32026F3F900768EE6 /* Assets.xcassets */; };
		AC0446F72026F3F900768EE6 /* LaunchScreen.storyboard in Resources */ = {isa = PBXBuildFile; fileRef = AC0446F52026F3F900768EE6 /* LaunchScreen.storyboard */; };
/* End PBXBuildFile section */

/* Begin PBXFileReference section */
		AC0446E92026F3F900768EE6 /* BxSwiftThree.app */ = {isa = PBXFileReference; explicitFileType = wrapper.application; includeInIndex = 0; path = BxSwiftThree.app; sourceTree = BUILT_PRODUCTS_DIR; };
		AC0446EC2026F3F900768EE6 /* AppDelegate.swift */ = {isa = PBXFileReference; lastKnownFileType = sourcecode.swift; path = AppDelegate.swift; sourceTree = "<group>"; };
		AC0446EE2026F3F900768EE6 /* ViewController.swift */ = {isa = PBXFileReference; lastKnownFileType = sourcecode.swift; path = ViewController.swift; sourceTree = "<group>"; };
		AC0446F12026F3F900768EE6 /* Base */ = {isa = PBXFileReference; lastKnownFileType = file.storyboard; name = Base; path = Base.lproj/Main.storyboard; sourceTree = "<group>"; };
		AC0446F32026F3F900768EE6 /* Assets.xcassets */ = {isa = PBXFileReference; lastKnownFileType = folder.assetcatalog; path = Assets.xcassets; sourceTree = "<group>"; };
		AC0446F62026F3F900768EE6 /* Base */ = {isa = PBXFileReference; lastKnownFileType = file.storyboard; name = Base; path = Base.lproj/LaunchScreen.storyboard; sourceTree = "<group>"; };
		AC0446F82026F3F900768EE6 /* Info.plist */ = {isa = PBXFileReference; lastKnownFileType = text.plist.xml; path = Info.plist; sourceTree = "<group>"; };
		AC0446FF2026F4B600768EE6 /* TypesOfSwift.playground */ = {isa = PBXFileReference; lastKnownFileType = file.playground; path = TypesOfSwift.playground; sourceTree = "<group>"; xcLanguageSpecificationIdentifier = xcode.lang.swift; };
		AC0D1A07203122F900EC9314 /* ArrayAbout.playground */ = {isa = PBXFileReference; lastKnownFileType = file.playground; name = ArrayAbout.playground; path = ../../ArrayAbout.playground; sourceTree = "<group>"; xcLanguageSpecificationIdentifier = xcode.lang.swift; };
		AC0D1EE7202B2AE60081FEC8 /* String&NSString_unicode.playground */ = {isa = PBXFileReference; lastKnownFileType = file.playground; name = "String&NSString_unicode.playground"; path = "../../String&NSString_unicode.playground"; sourceTree = "<group>"; xcLanguageSpecificationIdentifier = xcode.lang.swift; };
		AC9FEEE420834229008D07AE /* SwiftBasic.playground */ = {isa = PBXFileReference; lastKnownFileType = file.playground; name = SwiftBasic.playground; path = ../../SwiftBasic.playground; sourceTree = "<group>"; };
/* End PBXFileReference section */

/* Begin PBXFrameworksBuildPhase section */
		AC0446E62026F3F900768EE6 /* Frameworks */ = {
			isa = PBXFrameworksBuildPhase;
			buildActionMask = 2147483647;
			files = (
			);
			runOnlyForDeploymentPostprocessing = 0;
		};
/* End PBXFrameworksBuildPhase section */

/* Begin PBXGroup section */
		AC0446E02026F3F900768EE6 = {
			isa = PBXGroup;
			children = (
				AC0446EB2026F3F900768EE6 /* BxSwiftThree */,
				AC0446EA2026F3F900768EE6 /* Products */,
			);
			sourceTree = "<group>";
		};
		AC0446EA2026F3F900768EE6 /* Products */ = {
			isa = PBXGroup;
			children = (
				AC0446E92026F3F900768EE6 /* BxSwiftThree.app */,
			);
			name = Products;
			sourceTree = "<group>";
		};
		AC0446EB2026F3F900768EE6 /* BxSwiftThree */ = {
			isa = PBXGroup;
			children = (
				AC0446EC2026F3F900768EE6 /* AppDelegate.swift */,
				AC0446EE2026F3F900768EE6 /* ViewController.swift */,
				AC0D1A07203122F900EC9314 /* ArrayAbout.playground */,
				AC0D1EE7202B2AE60081FEC8 /* String&NSString_unicode.playground */,
				AC0446FF2026F4B600768EE6 /* TypesOfSwift.playground */,
				AC9FEEE420834229008D07AE /* SwiftBasic.playground */,
				AC0446F02026F3F900768EE6 /* Main.storyboard */,
				AC0446F32026F3F900768EE6 /* Assets.xcassets */,
				AC0446F52026F3F900768EE6 /* LaunchScreen.storyboard */,
				AC0446F82026F3F900768EE6 /* Info.plist */,
			);
			path = BxSwiftThree;
			sourceTree = "<group>";
		};
/* End PBXGroup section */

/* Begin PBXNativeTarget section */
		AC0446E82026F3F900768EE6 /* BxSwiftThree */ = {
			isa = PBXNativeTarget;
			buildConfigurationList = AC0446FB2026F3F900768EE6 /* Build configuration list for PBXNativeTarget "BxSwiftThree" */;
			buildPhases = (
				AC0446E52026F3F900768EE6 /* Sources */,
				AC0446E62026F3F900768EE6 /* Frameworks */,
				AC0446E72026F3F900768EE6 /* Resources */,
			);
			buildRules = (
			);
			dependencies = (
			);
			name = BxSwiftThree;
			productName = BxSwiftThree;
			productReference = AC0446E92026F3F900768EE6 /* BxSwiftThree.app */;
			productType = "com.apple.product-type.application";
		};
/* End PBXNativeTarget section */

/* Begin PBXProject section */
		AC0446E12026F3F900768EE6 /* Project object */ = {
			isa = PBXProject;
			attributes = {
				LastSwiftUpdateCheck = 0910;
				LastUpgradeCheck = 0910;
				ORGANIZATIONNAME = luoxiaofeng;
				TargetAttributes = {
					AC0446E82026F3F900768EE6 = {
						CreatedOnToolsVersion = 9.1;
						ProvisioningStyle = Automatic;
					};
				};
			};
			buildConfigurationList = AC0446E42026F3F900768EE6 /* Build configuration list for PBXProject "BxSwiftThree" */;
			compatibilityVersion = "Xcode 8.0";
			developmentRegion = en;
			hasScannedForEncodings = 0;
			knownRegions = (
				en,
				Base,
			);
			mainGroup = AC0446E02026F3F900768EE6;
			productRefGroup = AC0446EA2026F3F900768EE6 /* Products */;
			projectDirPath = "";
			projectRoot = "";
			targets = (
				AC0446E82026F3F900768EE6 /* BxSwiftThree */,
			);
		};
/* End PBXProject section */

/* Begin PBXResourcesBuildPhase section */
		AC0446E72026F3F900768EE6 /* Resources */ = {
			isa = PBXResourcesBuildPhase;
			buildActionMask = 2147483647;
			files = (
				AC0446F72026F3F900768EE6 /* LaunchScreen.storyboard in Resources */,
				AC0446F42026F3F900768EE6 /* Assets.xcassets in Resources */,
				AC0446F22026F3F900768EE6 /* Main.storyboard in Resources */,
			);
			runOnlyForDeploymentPostprocessing = 0;
		};
/* End PBXResourcesBuildPhase section */

/* Begin PBXSourcesBuildPhase section */
		AC0446E52026F3F900768EE6 /* Sources */ = {
			isa = PBXSourcesBuildPhase;
			buildActionMask = 2147483647;
			files = (
				AC0446EF2026F3F900768EE6 /* ViewController.swift in Sources */,
				AC0446ED2026F3F900768EE6 /* AppDelegate.swift in Sources */,
			);
			runOnlyForDeploymentPostprocessing = 0;
		};
/* End PBXSourcesBuildPhase section */

/* Begin PBXVariantGroup section */
		AC0446F02026F3F900768EE6 /* Main.storyboard */ = {
			isa = PBXVariantGroup;
			children = (
				AC0446F12026F3F900768EE6 /* Base */,
			);
			name = Main.storyboard;
			sourceTree = "<group>";
		};
		AC0446F52026F3F900768EE6 /* LaunchScreen.storyboard */ = {
			isa = PBXVariantGroup;
			children = (
				AC0446F62026F3F900768EE6 /* Base */,
			);
			name = LaunchScreen.storyboard;
			sourceTree = "<group>";
		};
/* End PBXVariantGroup section */

/* Begin XCBuildConfiguration section */
		AC0446F92026F3F900768EE6 /* Debug */ = {
			isa = XCBuildConfiguration;
			buildSettings = {
				ALWAYS_SEARCH_USER_PATHS = NO;
				CLANG_ANALYZER_NONNULL = YES;
				CLANG_ANALYZER_NUMBER_OBJECT_CONVERSION = YES_AGGRESSIVE;
				CLANG_CXX_LANGUAGE_STANDARD = "gnu++14";
				CLANG_CXX_LIBRARY = "libc++";
				CLANG_ENABLE_MODULES = YES;
				CLANG_ENABLE_OBJC_ARC = YES;
				CLANG_WARN_BLOCK_CAPTURE_AUTORELEASING = YES;
				CLANG_WARN_BOOL_CONVERSION = YES;
				CLANG_WARN_COMMA = YES;
				CLANG_WARN_CONSTANT_CONVERSION = YES;
				CLANG_WARN_DIRECT_OBJC_ISA_USAGE = YES_ERROR;
				CLANG_WARN_DOCUMENTATION_COMMENTS = YES;
				CLANG_WARN_EMPTY_BODY = YES;
				CLANG_WARN_ENUM_CONVERSION = YES;
				CLANG_WARN_INFINITE_RECURSION = YES;
				CLANG_WARN_INT_CONVERSION = YES;
				CLANG_WARN_NON_LITERAL_NULL_CONVERSION = YES;
				CLANG_WARN_OBJC_LITERAL_CONVERSION = YES;
				CLANG_WARN_OBJC_ROOT_CLASS = YES_ERROR;
				CLANG_WARN_RANGE_LOOP_ANALYSIS = YES;
				CLANG_WARN_STRICT_PROTOTYPES = YES;
				CLANG_WARN_SUSPICIOUS_MOVE = YES;
				CLANG_WARN_UNGUARDED_AVAILABILITY = YES_AGGRESSIVE;
				CLANG_WARN_UNREACHABLE_CODE = YES;
				CLANG_WARN__DUPLICATE_METHOD_MATCH = YES;
				CODE_SIGN_IDENTITY = "iPhone Developer";
				COPY_PHASE_STRIP = NO;
				DEBUG_INFORMATION_FORMAT = dwarf;
				ENABLE_STRICT_OBJC_MSGSEND = YES;
				ENABLE_TESTABILITY = YES;
				GCC_C_LANGUAGE_STANDARD = gnu11;
				GCC_DYNAMIC_NO_PIC = NO;
				GCC_NO_COMMON_BLOCKS = YES;
				GCC_OPTIMIZATION_LEVEL = 0;
				GCC_PREPROCESSOR_DEFINITIONS = (
					"DEBUG=1",
					"$(inherited)",
				);
				GCC_WARN_64_TO_32_BIT_CONVERSION = YES;
				GCC_WARN_ABOUT_RETURN_TYPE = YES_ERROR;
				GCC_WARN_UNDECLARED_SELECTOR = YES;
				GCC_WARN_UNINITIALIZED_AUTOS = YES_AGGRESSIVE;
				GCC_WARN_UNUSED_FUNCTION = YES;
				GCC_WARN_UNUSED_VARIABLE = YES;
				IPHONEOS_DEPLOYMENT_TARGET = 11.1;
				MTL_ENABLE_DEBUG_INFO = YES;
				ONLY_ACTIVE_ARCH = YES;
				SDKROOT = iphoneos;
				SWIFT_ACTIVE_COMPILATION_CONDITIONS = DEBUG;
				SWIFT_OPTIMIZATION_LEVEL = "-Onone";
			};
			name = Debug;
		};
		AC0446FA2026F3F900768EE6 /* Release */ = {
			isa = XCBuildConfiguration;
			buildSettings = {
				ALWAYS_SEARCH_USER_PATHS = NO;
				CLANG_ANALYZER_NONNULL = YES;
				CLANG_ANALYZER_NUMBER_OBJECT_CONVERSION = YES_AGGRESSIVE;
				CLANG_CXX_LANGUAGE_STANDARD = "gnu++14";
				CLANG_CXX_LIBRARY = "libc++";
				CLANG_ENABLE_MODULES = YES;
				CLANG_ENABLE_OBJC_ARC = YES;
				CLANG_WARN_BLOCK_CAPTURE_AUTORELEASING = YES;
				CLANG_WARN_BOOL_CONVERSION = YES;
				CLANG_WARN_COMMA = YES;
				CLANG_WARN_CONSTANT_CONVERSION = YES;
				CLANG_WARN_DIRECT_OBJC_ISA_USAGE = YES_ERROR;
				CLANG_WARN_DOCUMENTATION_COMMENTS = YES;
				CLANG_WARN_EMPTY_BODY = YES;
				CLANG_WARN_ENUM_CONVERSION = YES;
				CLANG_WARN_INFINITE_RECURSION = YES;
				CLANG_WARN_INT_CONVERSION = YES;
				CLANG_WARN_NON_LITERAL_NULL_CONVERSION = YES;
				CLANG_WARN_OBJC_LITERAL_CONVERSION = YES;
				CLANG_WARN_OBJC_ROOT_CLASS = YES_ERROR;
				CLANG_WARN_RANGE_LOOP_ANALYSIS = YES;
				CLANG_WARN_STRICT_PROTOTYPES = YES;
				CLANG_WARN_SUSPICIOUS_MOVE = YES;
				CLANG_WARN_UNGUARDED_AVAILABILITY = YES_AGGRESSIVE;
				CLANG_WARN_UNREACHABLE_CODE = YES;
				CLANG_WARN__DUPLICATE_METHOD_MATCH = YES;
				CODE_SIGN_IDENTITY = "iPhone Developer";
				COPY_PHASE_STRIP = NO;
				DEBUG_INFORMATION_FORMAT = "dwarf-with-dsym";
				ENABLE_NS_ASSERTIONS = NO;
				ENABLE_STRICT_OBJC_MSGSEND = YES;
				GCC_C_LANGUAGE_STANDARD = gnu11;
				GCC_NO_COMMON_BLOCKS = YES;
				GCC_WARN_64_TO_32_BIT_CONVERSION = YES;
				GCC_WARN_ABOUT_RETURN_TYPE = YES_ERROR;
				GCC_WARN_UNDECLARED_SELECTOR = YES;
				GCC_WARN_UNINITIALIZED_AUTOS = YES_AGGRESSIVE;
				GCC_WARN_UNUSED_FUNCTION = YES;
				GCC_WARN_UNUSED_VARIABLE = YES;
				IPHONEOS_DEPLOYMENT_TARGET = 11.1;
				MTL_ENABLE_DEBUG_INFO = NO;
				SDKROOT = iphoneos;
				SWIFT_OPTIMIZATION_LEVEL = "-Owholemodule";
				VALIDATE_PRODUCT = YES;
			};
			name = Release;
		};
		AC0446FC2026F3F900768EE6 /* Debug */ = {
			isa = XCBuildConfiguration;
			buildSettings = {
				ASSETCATALOG_COMPILER_APPICON_NAME = AppIcon;
				CODE_SIGN_STYLE = Automatic;
				INFOPLIST_FILE = BxSwiftThree/Info.plist;
				LD_RUNPATH_SEARCH_PATHS = "$(inherited) @executable_path/Frameworks";
				PRODUCT_BUNDLE_IDENTIFIER = com.difo.BxSwiftThree;
				PRODUCT_NAME = "$(TARGET_NAME)";
				SWIFT_VERSION = 4.0;
				TARGETED_DEVICE_FAMILY = "1,2";
			};
			name = Debug;
		};
		AC0446FD2026F3F900768EE6 /* Release */ = {
			isa = XCBuildConfiguration;
			buildSettings = {
				ASSETCATALOG_COMPILER_APPICON_NAME = AppIcon;
				CODE_SIGN_STYLE = Automatic;
				INFOPLIST_FILE = BxSwiftThree/Info.plist;
				LD_RUNPATH_SEARCH_PATHS = "$(inherited) @executable_path/Frameworks";
				PRODUCT_BUNDLE_IDENTIFIER = com.difo.BxSwiftThree;
				PRODUCT_NAME = "$(TARGET_NAME)";
				SWIFT_VERSION = 4.0;
				TARGETED_DEVICE_FAMILY = "1,2";
			};
			name = Release;
		};
/* End XCBuildConfiguration section */

/* Begin XCConfigurationList section */
		AC0446E42026F3F900768EE6 /* Build configuration list for PBXProject "BxSwiftThree" */ = {
			isa = XCConfigurationList;
			buildConfigurations = (
				AC0446F92026F3F900768EE6 /* Debug */,
				AC0446FA2026F3F900768EE6 /* Release */,
			);
			defaultConfigurationIsVisible = 0;
			defaultConfigurationName = Release;
		};
		AC0446FB2026F3F900768EE6 /* Build configuration list for PBXNativeTarget "BxSwiftThree" */ = {
			isa = XCConfigurationList;
			buildConfigurations = (
				AC0446FC2026F3F900768EE6 /* Debug */,
				AC0446FD2026F3F900768EE6 /* Release */,
			);
			defaultConfigurationIsVisible = 0;
			defaultConfigurationName = Release;
		};
/* End XCConfigurationList section */
	};
	rootObject = AC0446E12026F3F900768EE6 /* Project object */;
}
